{
  "object": {
    "pins": [
      {
        "package": "DSFAppearanceManager",
        "repositoryURL": "https://github.com/lake-of-fire/DSFAppearanceManager",
        "state": {
          "branch": "main",
          "revision": "37365166f7c3636b54e4d619a79a93c3f3f40c19",
          "version": null
        }
      }
    ]
  },
  "version": 1
}
